
Microsoft Visual Studio Solution File, Format Version 12.00
# Visual Studio Version 17
VisualStudioVersion = 17.5.002.0
MinimumVisualStudioVersion = 10.0.40219.1
Project("{9A19103F-16F7-4668-BE54-9A1E7A4F7556}") = "DesafioFundamentos", "DesafioFundamentos\DesafioFundamentos.csproj", "{D0616D38-6A80-46FB-BF1D-B5A997CB4B0E}"
EndProject
Global
	GlobalSection(SolutionConfigurationPlatforms) = preSolution
		Debug|Any CPU = Debug|Any CPU
		Release|Any CPU = Release|Any CPU
	EndGlobalSection
	GlobalSection(ProjectConfigurationPlatforms) = postSolution
		{D0616D38-6A80-46FB-BF1D-B5A997CB4B0E}.Debug|Any CPU.ActiveCfg = Debug|Any CPU
		{D0616D38-6A80-46FB-BF1D-B5A997CB4B0E}.Debug|Any CPU.Build.0 = Debug|Any CPU
		{D0616D38-6A80-46FB-BF1D-B5A997CB4B0E}.Release|Any CPU.ActiveCfg = Release|Any CPU
		{D0616D38-6A80-46FB-BF1D-B5A997CB4B0E}.Release|Any CPU.Build.0 = Release|Any CPU
	EndGlobalSection
	GlobalSection(SolutionProperties) = preSolution
		HideSolutionNode = FALSE
	EndGlobalSection
	GlobalSection(ExtensibilityGlobals) = postSolution
		SolutionGuid = {EA8A6DBB-E9DA-42D7-AEA8-9304ED66F408}
	EndGlobalSection
EndGlobal
